// !$*UTF8*$!
{
	archiveVersion = 1;
	classes = {
	};
	objectVersion = 55;
	objects = {

/* Begin PBXBuildFile section */
		4005C3F328F2CE290025DAE9 /* ReelsView2.swift in Sources */ = {isa = PBXBuildFile; fileRef = 4005C3F228F2CE290025DAE9 /* ReelsView2.swift */; };
		4005C3F528F2DAAC0025DAE9 /* ServerMode.swift in Sources */ = {isa = PBXBuildFile; fileRef = 4005C3F428F2DAAC0025DAE9 /* ServerMode.swift */; };
		4017CE7C28D4F8C300048A90 /* MilkShake.swift in Sources */ = {isa = PBXBuildFile; fileRef = 4017CE7B28D4F8C300048A90 /* MilkShake.swift */; };
		4017CE7E28D4FB5E00048A90 /* FoodDeliveryTab.swift in Sources */ = {isa = PBXBuildFile; fileRef = 4017CE7D28D4FB5E00048A90 /* FoodDeliveryTab.swift */; };
		4017CE8028D5B3BA00048A90 /* FoodDeliveryHome.swift in Sources */ = {isa = PBXBuildFile; fileRef = 4017CE7F28D5B3BA00048A90 /* FoodDeliveryHome.swift */; };
		401C77B82949E4F5000209ED /* SplashScreen.swift in Sources */ = {isa = PBXBuildFile; fileRef = 401C77B72949E4F5000209ED /* SplashScreen.swift */; };
		401C77BB2949E7E7000209ED /* SDWebImageSwiftUI in Frameworks */ = {isa = PBXBuildFile; productRef = 401C77BA2949E7E7000209ED /* SDWebImageSwiftUI */; };
		401C77BD2949F0BA000209ED /* logo.gif in Resources */ = {isa = PBXBuildFile; fileRef = 401C77BC2949F0BA000209ED /* logo.gif */; };
		4020F3E628EB30EE00F36AC7 /* GestureTest.swift in Sources */ = {isa = PBXBuildFile; fileRef = 4020F3E528EB30EE00F36AC7 /* GestureTest.swift */; };
		402805C628C4825C00FDA092 /* StickyHeaderView.swift in Sources */ = {isa = PBXBuildFile; fileRef = 402805C528C4825C00FDA092 /* StickyHeaderView.swift */; };
		402805C828C4839900FDA092 /* StickyContentView.swift in Sources */ = {isa = PBXBuildFile; fileRef = 402805C728C4839900FDA092 /* StickyContentView.swift */; };
		402805CA28C485EA00FDA092 /* CustomCornner.swift in Sources */ = {isa = PBXBuildFile; fileRef = 402805C928C485EA00FDA092 /* CustomCornner.swift */; };
		402805CF28C48D0600FDA092 /* OffsetModifier.swift in Sources */ = {isa = PBXBuildFile; fileRef = 402805CE28C48D0600FDA092 /* OffsetModifier.swift */; };
		402805D228C496D100FDA092 /* StickyTopBar.swift in Sources */ = {isa = PBXBuildFile; fileRef = 402805D128C496D100FDA092 /* StickyTopBar.swift */; };
		402805D428C4977C00FDA092 /* Message.swift in Sources */ = {isa = PBXBuildFile; fileRef = 402805D328C4977C00FDA092 /* Message.swift */; };
		402805D628C4981500FDA092 /* MessageCardView.swift in Sources */ = {isa = PBXBuildFile; fileRef = 402805D528C4981500FDA092 /* MessageCardView.swift */; };
		402AE06F28E5E31B0050EBC3 /* MultiView.swift in Sources */ = {isa = PBXBuildFile; fileRef = 402AE06E28E5E31B0050EBC3 /* MultiView.swift */; };
		403BEE9929067E23008B0CD7 /* SnapCarousel.swift in Sources */ = {isa = PBXBuildFile; fileRef = 403BEE9829067E23008B0CD7 /* SnapCarousel.swift */; };
		403BEE9B29067E36008B0CD7 /* SnapCarouselView.swift in Sources */ = {isa = PBXBuildFile; fileRef = 403BEE9A29067E36008B0CD7 /* SnapCarouselView.swift */; };
		403BEE9E29067F4D008B0CD7 /* Post.swift in Sources */ = {isa = PBXBuildFile; fileRef = 403BEE9D29067F4D008B0CD7 /* Post.swift */; };
		403BEEB0290843A5008B0CD7 /* BottomSheet.swift in Sources */ = {isa = PBXBuildFile; fileRef = 403BEEAB290843A5008B0CD7 /* BottomSheet.swift */; };
		403BEEB1290843A5008B0CD7 /* BlurView.swift in Sources */ = {isa = PBXBuildFile; fileRef = 403BEEAE290843A5008B0CD7 /* BlurView.swift */; };
		403BEEB2290843A5008B0CD7 /* CustomCorner.swift in Sources */ = {isa = PBXBuildFile; fileRef = 403BEEAF290843A5008B0CD7 /* CustomCorner.swift */; };
		403E1F3928E49C6E003D757B /* EnvironmentTest.swift in Sources */ = {isa = PBXBuildFile; fileRef = 403E1F3828E49C6E003D757B /* EnvironmentTest.swift */; };
		4057CCAC28DB382A00942641 /* VideoPlayerTest.swift in Sources */ = {isa = PBXBuildFile; fileRef = 4057CCAB28DB382A00942641 /* VideoPlayerTest.swift */; };
		4057CCB028DB3C4A00942641 /* VideoNavi.swift in Sources */ = {isa = PBXBuildFile; fileRef = 4057CCAF28DB3C4A00942641 /* VideoNavi.swift */; };
		407777C228DCA8F800145D3A /* AutoFocusTextFeild.swift in Sources */ = {isa = PBXBuildFile; fileRef = 407777C128DCA8F800145D3A /* AutoFocusTextFeild.swift */; };
		4083BD5D28EDD5C300A81220 /* ProSwiftUIView.swift in Sources */ = {isa = PBXBuildFile; fileRef = 4083BD5C28EDD5C300A81220 /* ProSwiftUIView.swift */; };
		40A1C78628BA290200AAFF2F /* PracticeList.swift in Sources */ = {isa = PBXBuildFile; fileRef = 40A1C78528BA290200AAFF2F /* PracticeList.swift */; };
		40A1C78B28BA8A8D00AAFF2F /* TestView.swift in Sources */ = {isa = PBXBuildFile; fileRef = 40A1C78A28BA8A8D00AAFF2F /* TestView.swift */; };
		40A1C79C28BA980F00AAFF2F /* VideoCard.swift in Sources */ = {isa = PBXBuildFile; fileRef = 40A1C79728BA980F00AAFF2F /* VideoCard.swift */; };
		40A1C79D28BA980F00AAFF2F /* QureyTag.swift in Sources */ = {isa = PBXBuildFile; fileRef = 40A1C79828BA980F00AAFF2F /* QureyTag.swift */; };
		40A1C79E28BA980F00AAFF2F /* ModelData.swift in Sources */ = {isa = PBXBuildFile; fileRef = 40A1C79928BA980F00AAFF2F /* ModelData.swift */; };
		40A1C79F28BA980F00AAFF2F /* VideoManager.swift in Sources */ = {isa = PBXBuildFile; fileRef = 40A1C79A28BA980F00AAFF2F /* VideoManager.swift */; };
		40A1C7A028BA980F00AAFF2F /* VideoView.swift in Sources */ = {isa = PBXBuildFile; fileRef = 40A1C79B28BA980F00AAFF2F /* VideoView.swift */; };
		40A1C7A428BA98BA00AAFF2F /* VideoGridView.swift in Sources */ = {isa = PBXBuildFile; fileRef = 40A1C7A328BA98BA00AAFF2F /* VideoGridView.swift */; };
		40A1C7AB28BAA0EE00AAFF2F /* Movie.swift in Sources */ = {isa = PBXBuildFile; fileRef = 40A1C7AA28BAA0EE00AAFF2F /* Movie.swift */; };
		40A1C7AD28BAA19D00AAFF2F /* CustomCarousel.swift in Sources */ = {isa = PBXBuildFile; fileRef = 40A1C7AC28BAA19D00AAFF2F /* CustomCarousel.swift */; };
		40A1C7AF28BAA1D800AAFF2F /* Tab.swift in Sources */ = {isa = PBXBuildFile; fileRef = 40A1C7AE28BAA1D800AAFF2F /* Tab.swift */; };
		40A1C7B128BAA23A00AAFF2F /* CarouselView.swift in Sources */ = {isa = PBXBuildFile; fileRef = 40A1C7B028BAA23A00AAFF2F /* CarouselView.swift */; };
		40A1C7B528BAEE0200AAFF2F /* Stock.swift in Sources */ = {isa = PBXBuildFile; fileRef = 40A1C7B428BAEE0200AAFF2F /* Stock.swift */; };
		40A1C7B728BAEE5B00AAFF2F /* WebService.swift in Sources */ = {isa = PBXBuildFile; fileRef = 40A1C7B628BAEE5B00AAFF2F /* WebService.swift */; };
		40A1C7BA28BAF26500AAFF2F /* StockListViewModel.swift in Sources */ = {isa = PBXBuildFile; fileRef = 40A1C7B928BAF26500AAFF2F /* StockListViewModel.swift */; };
		40A1C7BC28BAF29A00AAFF2F /* StockView.swift in Sources */ = {isa = PBXBuildFile; fileRef = 40A1C7BB28BAF29A00AAFF2F /* StockView.swift */; };
		40A1C7BE28BAF38400AAFF2F /* StockViewModel.swift in Sources */ = {isa = PBXBuildFile; fileRef = 40A1C7BD28BAF38400AAFF2F /* StockViewModel.swift */; };
		40A1C7C128BAFAF500AAFF2F /* SearchView.swift in Sources */ = {isa = PBXBuildFile; fileRef = 40A1C7C028BAFAF500AAFF2F /* SearchView.swift */; };
		40A1C7C328BB004300AAFF2F /* StockListView.swift in Sources */ = {isa = PBXBuildFile; fileRef = 40A1C7C228BB004300AAFF2F /* StockListView.swift */; };
		40A1C7C628BB64B100AAFF2F /* TouchAnimationView.swift in Sources */ = {isa = PBXBuildFile; fileRef = 40A1C7C528BB64B100AAFF2F /* TouchAnimationView.swift */; };
		40A1C7C928BCF3F100AAFF2F /* TikTokView.swift in Sources */ = {isa = PBXBuildFile; fileRef = 40A1C7C828BCF3F100AAFF2F /* TikTokView.swift */; };
		40A1C7CC28BCF7C700AAFF2F /* TikTokVideo.swift in Sources */ = {isa = PBXBuildFile; fileRef = 40A1C7CB28BCF7C700AAFF2F /* TikTokVideo.swift */; };
		40A1C7CE28BCF8CF00AAFF2F /* HomeView.swift in Sources */ = {isa = PBXBuildFile; fileRef = 40A1C7CD28BCF8CF00AAFF2F /* HomeView.swift */; };
		40A1C7D728BE5AD300AAFF2F /* MovieVerticalView.swift in Sources */ = {isa = PBXBuildFile; fileRef = 40A1C7D628BE5AD300AAFF2F /* MovieVerticalView.swift */; };
		40A1C7E028C24B2300AAFF2F /* ReelsView.swift in Sources */ = {isa = PBXBuildFile; fileRef = 40A1C7DF28C24B2200AAFF2F /* ReelsView.swift */; };
		40A1C7E328C24C3200AAFF2F /* MediaFile.swift in Sources */ = {isa = PBXBuildFile; fileRef = 40A1C7E228C24C3200AAFF2F /* MediaFile.swift */; };
		40A1C7E728C24ED700AAFF2F /* ReelsApp.swift in Sources */ = {isa = PBXBuildFile; fileRef = 40A1C7E628C24ED700AAFF2F /* ReelsApp.swift */; };
		40C19C0A28C254AD00988606 /* Reel.swift in Sources */ = {isa = PBXBuildFile; fileRef = 40C19C0928C254AD00988606 /* Reel.swift */; };
		40C19C0D28C2D4DB00988606 /* CustomVideoPlayer.swift in Sources */ = {isa = PBXBuildFile; fileRef = 40C19C0C28C2D4DB00988606 /* CustomVideoPlayer.swift */; };
		40C19C0F28C3259A00988606 /* ReelsTabBarButton.swift in Sources */ = {isa = PBXBuildFile; fileRef = 40C19C0E28C3259A00988606 /* ReelsTabBarButton.swift */; };
		40C19C1328C3683C00988606 /* ReelsAPIView.swift in Sources */ = {isa = PBXBuildFile; fileRef = 40C19C1228C3683C00988606 /* ReelsAPIView.swift */; };
		40C554DE28E32B9000825FBF /* CoreLoactionUI.swift in Sources */ = {isa = PBXBuildFile; fileRef = 40C554DD28E32B9000825FBF /* CoreLoactionUI.swift */; };
		40C554E128E3400700825FBF /* StateBindingTest.swift in Sources */ = {isa = PBXBuildFile; fileRef = 40C554E028E3400700825FBF /* StateBindingTest.swift */; };
		40CCA7C828E9C65F00C4A2CB /* LandingScreenView.swift in Sources */ = {isa = PBXBuildFile; fileRef = 40CCA7C728E9C65F00C4A2CB /* LandingScreenView.swift */; };
		40CCA7CA28E9C68800C4A2CB /* HomeScreen.swift in Sources */ = {isa = PBXBuildFile; fileRef = 40CCA7C928E9C68800C4A2CB /* HomeScreen.swift */; };
		40CCA7CD28E9C6B100C4A2CB /* PromotionsScreen.swift in Sources */ = {isa = PBXBuildFile; fileRef = 40CCA7CC28E9C6B100C4A2CB /* PromotionsScreen.swift */; };
		40CCA7CF28E9CC1E00C4A2CB /* LoadCounterViewModel.swift in Sources */ = {isa = PBXBuildFile; fileRef = 40CCA7CE28E9CC1E00C4A2CB /* LoadCounterViewModel.swift */; };
		40CDCDD828C64BEF00A35FF4 /* Info.swift in Sources */ = {isa = PBXBuildFile; fileRef = 40CDCDD728C64BEF00A35FF4 /* Info.swift */; };
		40CDCDDA28C64CF500A35FF4 /* Trending.swift in Sources */ = {isa = PBXBuildFile; fileRef = 40CDCDD928C64CF500A35FF4 /* Trending.swift */; };
		40CDCDDC28C64D0000A35FF4 /* Sale.swift in Sources */ = {isa = PBXBuildFile; fileRef = 40CDCDDB28C64D0000A35FF4 /* Sale.swift */; };
		40CDCDDF28C64E0600A35FF4 /* ResponsiveView.swift in Sources */ = {isa = PBXBuildFile; fileRef = 40CDCDDE28C64E0600A35FF4 /* ResponsiveView.swift */; };
		40CDCDE128C650A500A35FF4 /* ResponsiveHome.swift in Sources */ = {isa = PBXBuildFile; fileRef = 40CDCDE028C650A500A35FF4 /* ResponsiveHome.swift */; };
		40CDCDE328C650F200A35FF4 /* ResponsiveContent.swift in Sources */ = {isa = PBXBuildFile; fileRef = 40CDCDE228C650F200A35FF4 /* ResponsiveContent.swift */; };
		40D2DA7428D76B990023F733 /* Assets.xcassets in Resources */ = {isa = PBXBuildFile; fileRef = 40F577122883A44A00AC1285 /* Assets.xcassets */; };
		40D2DA7528D76BC10023F733 /* video1.MOV in Resources */ = {isa = PBXBuildFile; fileRef = 40A1C7D028BCFC1300AAFF2F /* video1.MOV */; };
		40D2DA7628D76BC10023F733 /* video2.MOV in Resources */ = {isa = PBXBuildFile; fileRef = 40A1C7D128BCFC1400AAFF2F /* video2.MOV */; };
		40D2DA7728D76BC10023F733 /* video3.MOV in Resources */ = {isa = PBXBuildFile; fileRef = 40A1C7CF28BCFC1300AAFF2F /* video3.MOV */; };
		40D2DA7828D76BC10023F733 /* video4.MOV in Resources */ = {isa = PBXBuildFile; fileRef = 40A1C7D928BE71D500AAFF2F /* video4.MOV */; };
		40D2DA7928D76BC10023F733 /* video5.MOV in Resources */ = {isa = PBXBuildFile; fileRef = 40A1C7D828BE71D500AAFF2F /* video5.MOV */; };
		40D2DA7A28D76BC10023F733 /* video6.MOV in Resources */ = {isa = PBXBuildFile; fileRef = 40A1C7DA28BE71D500AAFF2F /* video6.MOV */; };
		40D2DA7B28D76BC60023F733 /* Preview Assets.xcassets in Resources */ = {isa = PBXBuildFile; fileRef = 40F577152883A44A00AC1285 /* Preview Assets.xcassets */; };
		40D2DA7E28D9EF5E0023F733 /* RollingText.swift in Sources */ = {isa = PBXBuildFile; fileRef = 40D2DA7D28D9EF5E0023F733 /* RollingText.swift */; };
		40D2DA8028D9EF730023F733 /* RollingView.swift in Sources */ = {isa = PBXBuildFile; fileRef = 40D2DA7F28D9EF730023F733 /* RollingView.swift */; };
		40F5770F2883A44800AC1285 /* SwiftUIPracticeApp.swift in Sources */ = {isa = PBXBuildFile; fileRef = 40F5770E2883A44800AC1285 /* SwiftUIPracticeApp.swift */; };
		40F577112883A44800AC1285 /* ContentView.swift in Sources */ = {isa = PBXBuildFile; fileRef = 40F577102883A44800AC1285 /* ContentView.swift */; };
		40F577182883A44A00AC1285 /* Persistence.swift in Sources */ = {isa = PBXBuildFile; fileRef = 40F577172883A44A00AC1285 /* Persistence.swift */; };
		40F5771B2883A44A00AC1285 /* SwiftUIPractice.xcdatamodeld in Sources */ = {isa = PBXBuildFile; fileRef = 40F577192883A44A00AC1285 /* SwiftUIPractice.xcdatamodeld */; };
		40F577222883A48300AC1285 /* ListColorChange.swift in Sources */ = {isa = PBXBuildFile; fileRef = 40F577212883A48300AC1285 /* ListColorChange.swift */; };
		40FDC33E28F0EE0E00FEB6CA /* ReelsPlayer.swift in Sources */ = {isa = PBXBuildFile; fileRef = 40FDC33D28F0EE0E00FEB6CA /* ReelsPlayer.swift */; };
		40FDC34128F0EE6500FEB6CA /* ActionButton.swift in Sources */ = {isa = PBXBuildFile; fileRef = 40FDC34028F0EE6500FEB6CA /* ActionButton.swift */; };
		40FDC34428F0EF7500FEB6CA /* ReelsViewModel.swift in Sources */ = {isa = PBXBuildFile; fileRef = 40FDC34328F0EF7500FEB6CA /* ReelsViewModel.swift */; };
		40FDC34628F0F38F00FEB6CA /* ReelsModel.swift in Sources */ = {isa = PBXBuildFile; fileRef = 40FDC34528F0F38F00FEB6CA /* ReelsModel.swift */; };
/* End PBXBuildFile section */

/* Begin PBXFileReference section */
		4005C3F228F2CE290025DAE9 /* ReelsView2.swift */ = {isa = PBXFileReference; lastKnownFileType = sourcecode.swift; path = ReelsView2.swift; sourceTree = "<group>"; };
		4005C3F428F2DAAC0025DAE9 /* ServerMode.swift */ = {isa = PBXFileReference; lastKnownFileType = sourcecode.swift; path = ServerMode.swift; sourceTree = "<group>"; };
		4017CE7B28D4F8C300048A90 /* MilkShake.swift */ = {isa = PBXFileReference; lastKnownFileType = sourcecode.swift; path = MilkShake.swift; sourceTree = "<group>"; };
		4017CE7D28D4FB5E00048A90 /* FoodDeliveryTab.swift */ = {isa = PBXFileReference; lastKnownFileType = sourcecode.swift; path = FoodDeliveryTab.swift; sourceTree = "<group>"; };
		4017CE7F28D5B3BA00048A90 /* FoodDeliveryHome.swift */ = {isa = PBXFileReference; lastKnownFileType = sourcecode.swift; path = FoodDeliveryHome.swift; sourceTree = "<group>"; };
		401C77B72949E4F5000209ED /* SplashScreen.swift */ = {isa = PBXFileReference; lastKnownFileType = sourcecode.swift; path = SplashScreen.swift; sourceTree = "<group>"; };
		401C77BC2949F0BA000209ED /* logo.gif */ = {isa = PBXFileReference; lastKnownFileType = image.gif; path = logo.gif; sourceTree = "<group>"; };
		401C77BF2949F62F000209ED /* Info.plist */ = {isa = PBXFileReference; lastKnownFileType = text.plist; path = Info.plist; sourceTree = "<group>"; };
		4020F3E528EB30EE00F36AC7 /* GestureTest.swift */ = {isa = PBXFileReference; lastKnownFileType = sourcecode.swift; path = GestureTest.swift; sourceTree = "<group>"; };
		402805C528C4825C00FDA092 /* StickyHeaderView.swift */ = {isa = PBXFileReference; lastKnownFileType = sourcecode.swift; path = StickyHeaderView.swift; sourceTree = "<group>"; };
		402805C728C4839900FDA092 /* StickyContentView.swift */ = {isa = PBXFileReference; lastKnownFileType = sourcecode.swift; path = StickyContentView.swift; sourceTree = "<group>"; };
		402805C928C485EA00FDA092 /* CustomCornner.swift */ = {isa = PBXFileReference; lastKnownFileType = sourcecode.swift; path = CustomCornner.swift; sourceTree = "<group>"; };
		402805CE28C48D0600FDA092 /* OffsetModifier.swift */ = {isa = PBXFileReference; lastKnownFileType = sourcecode.swift; path = OffsetModifier.swift; sourceTree = "<group>"; };
		402805D128C496D100FDA092 /* StickyTopBar.swift */ = {isa = PBXFileReference; lastKnownFileType = sourcecode.swift; path = StickyTopBar.swift; sourceTree = "<group>"; };
		402805D328C4977C00FDA092 /* Message.swift */ = {isa = PBXFileReference; lastKnownFileType = sourcecode.swift; path = Message.swift; sourceTree = "<group>"; };
		402805D528C4981500FDA092 /* MessageCardView.swift */ = {isa = PBXFileReference; lastKnownFileType = sourcecode.swift; path = MessageCardView.swift; sourceTree = "<group>"; };
		402AE06E28E5E31B0050EBC3 /* MultiView.swift */ = {isa = PBXFileReference; lastKnownFileType = sourcecode.swift; path = MultiView.swift; sourceTree = "<group>"; };
		403BEE9829067E23008B0CD7 /* SnapCarousel.swift */ = {isa = PBXFileReference; lastKnownFileType = sourcecode.swift; path = SnapCarousel.swift; sourceTree = "<group>"; };
		403BEE9A29067E36008B0CD7 /* SnapCarouselView.swift */ = {isa = PBXFileReference; lastKnownFileType = sourcecode.swift; path = SnapCarouselView.swift; sourceTree = "<group>"; };
		403BEE9D29067F4D008B0CD7 /* Post.swift */ = {isa = PBXFileReference; lastKnownFileType = sourcecode.swift; path = Post.swift; sourceTree = "<group>"; };
		403BEEAB290843A5008B0CD7 /* BottomSheet.swift */ = {isa = PBXFileReference; fileEncoding = 4; lastKnownFileType = sourcecode.swift; path = BottomSheet.swift; sourceTree = "<group>"; };
		403BEEAE290843A5008B0CD7 /* BlurView.swift */ = {isa = PBXFileReference; fileEncoding = 4; lastKnownFileType = sourcecode.swift; path = BlurView.swift; sourceTree = "<group>"; };
		403BEEAF290843A5008B0CD7 /* CustomCorner.swift */ = {isa = PBXFileReference; fileEncoding = 4; lastKnownFileType = sourcecode.swift; path = CustomCorner.swift; sourceTree = "<group>"; };
		403E1F3828E49C6E003D757B /* EnvironmentTest.swift */ = {isa = PBXFileReference; lastKnownFileType = sourcecode.swift; path = EnvironmentTest.swift; sourceTree = "<group>"; };
		4057CCAB28DB382A00942641 /* VideoPlayerTest.swift */ = {isa = PBXFileReference; lastKnownFileType = sourcecode.swift; path = VideoPlayerTest.swift; sourceTree = "<group>"; };
		4057CCAF28DB3C4A00942641 /* VideoNavi.swift */ = {isa = PBXFileReference; lastKnownFileType = sourcecode.swift; path = VideoNavi.swift; sourceTree = "<group>"; };
		407777C128DCA8F800145D3A /* AutoFocusTextFeild.swift */ = {isa = PBXFileReference; lastKnownFileType = sourcecode.swift; path = AutoFocusTextFeild.swift; sourceTree = "<group>"; };
		4083BD5C28EDD5C300A81220 /* ProSwiftUIView.swift */ = {isa = PBXFileReference; lastKnownFileType = sourcecode.swift; path = ProSwiftUIView.swift; sourceTree = "<group>"; };
		40A1C78528BA290200AAFF2F /* PracticeList.swift */ = {isa = PBXFileReference; lastKnownFileType = sourcecode.swift; path = PracticeList.swift; sourceTree = "<group>"; };
		40A1C78A28BA8A8D00AAFF2F /* TestView.swift */ = {isa = PBXFileReference; lastKnownFileType = sourcecode.swift; path = TestView.swift; sourceTree = "<group>"; };
		40A1C79728BA980F00AAFF2F /* VideoCard.swift */ = {isa = PBXFileReference; fileEncoding = 4; lastKnownFileType = sourcecode.swift; path = VideoCard.swift; sourceTree = "<group>"; };
		40A1C79828BA980F00AAFF2F /* QureyTag.swift */ = {isa = PBXFileReference; fileEncoding = 4; lastKnownFileType = sourcecode.swift; path = QureyTag.swift; sourceTree = "<group>"; };
		40A1C79928BA980F00AAFF2F /* ModelData.swift */ = {isa = PBXFileReference; fileEncoding = 4; lastKnownFileType = sourcecode.swift; path = ModelData.swift; sourceTree = "<group>"; };
		40A1C79A28BA980F00AAFF2F /* VideoManager.swift */ = {isa = PBXFileReference; fileEncoding = 4; lastKnownFileType = sourcecode.swift; path = VideoManager.swift; sourceTree = "<group>"; };
		40A1C79B28BA980F00AAFF2F /* VideoView.swift */ = {isa = PBXFileReference; fileEncoding = 4; lastKnownFileType = sourcecode.swift; path = VideoView.swift; sourceTree = "<group>"; };
		40A1C7A128BA986200AAFF2F /* videoData.json */ = {isa = PBXFileReference; fileEncoding = 4; lastKnownFileType = text.json; path = videoData.json; sourceTree = "<group>"; };
		40A1C7A328BA98BA00AAFF2F /* VideoGridView.swift */ = {isa = PBXFileReference; fileEncoding = 4; lastKnownFileType = sourcecode.swift; path = VideoGridView.swift; sourceTree = "<group>"; };
		40A1C7AA28BAA0EE00AAFF2F /* Movie.swift */ = {isa = PBXFileReference; lastKnownFileType = sourcecode.swift; path = Movie.swift; sourceTree = "<group>"; };
		40A1C7AC28BAA19D00AAFF2F /* CustomCarousel.swift */ = {isa = PBXFileReference; fileEncoding = 4; lastKnownFileType = sourcecode.swift; path = CustomCarousel.swift; sourceTree = "<group>"; };
		40A1C7AE28BAA1D800AAFF2F /* Tab.swift */ = {isa = PBXFileReference; lastKnownFileType = sourcecode.swift; path = Tab.swift; sourceTree = "<group>"; };
		40A1C7B028BAA23A00AAFF2F /* CarouselView.swift */ = {isa = PBXFileReference; fileEncoding = 4; lastKnownFileType = sourcecode.swift; path = CarouselView.swift; sourceTree = "<group>"; };
		40A1C7B428BAEE0200AAFF2F /* Stock.swift */ = {isa = PBXFileReference; lastKnownFileType = sourcecode.swift; path = Stock.swift; sourceTree = "<group>"; };
		40A1C7B628BAEE5B00AAFF2F /* WebService.swift */ = {isa = PBXFileReference; lastKnownFileType = sourcecode.swift; path = WebService.swift; sourceTree = "<group>"; };
		40A1C7B928BAF26500AAFF2F /* StockListViewModel.swift */ = {isa = PBXFileReference; lastKnownFileType = sourcecode.swift; path = StockListViewModel.swift; sourceTree = "<group>"; };
		40A1C7BB28BAF29A00AAFF2F /* StockView.swift */ = {isa = PBXFileReference; lastKnownFileType = sourcecode.swift; path = StockView.swift; sourceTree = "<group>"; };
		40A1C7BD28BAF38400AAFF2F /* StockViewModel.swift */ = {isa = PBXFileReference; lastKnownFileType = sourcecode.swift; path = StockViewModel.swift; sourceTree = "<group>"; };
		40A1C7C028BAFAF500AAFF2F /* SearchView.swift */ = {isa = PBXFileReference; lastKnownFileType = sourcecode.swift; path = SearchView.swift; sourceTree = "<group>"; };
		40A1C7C228BB004300AAFF2F /* StockListView.swift */ = {isa = PBXFileReference; lastKnownFileType = sourcecode.swift; path = StockListView.swift; sourceTree = "<group>"; };
		40A1C7C528BB64B100AAFF2F /* TouchAnimationView.swift */ = {isa = PBXFileReference; lastKnownFileType = sourcecode.swift; path = TouchAnimationView.swift; sourceTree = "<group>"; };
		40A1C7C828BCF3F100AAFF2F /* TikTokView.swift */ = {isa = PBXFileReference; lastKnownFileType = sourcecode.swift; path = TikTokView.swift; sourceTree = "<group>"; };
		40A1C7CB28BCF7C700AAFF2F /* TikTokVideo.swift */ = {isa = PBXFileReference; lastKnownFileType = sourcecode.swift; path = TikTokVideo.swift; sourceTree = "<group>"; };
		40A1C7CD28BCF8CF00AAFF2F /* HomeView.swift */ = {isa = PBXFileReference; lastKnownFileType = sourcecode.swift; path = HomeView.swift; sourceTree = "<group>"; };
		40A1C7CF28BCFC1300AAFF2F /* video3.MOV */ = {isa = PBXFileReference; lastKnownFileType = video.quicktime; path = video3.MOV; sourceTree = "<group>"; };
		40A1C7D028BCFC1300AAFF2F /* video1.MOV */ = {isa = PBXFileReference; lastKnownFileType = video.quicktime; path = video1.MOV; sourceTree = "<group>"; };
		40A1C7D128BCFC1400AAFF2F /* video2.MOV */ = {isa = PBXFileReference; lastKnownFileType = video.quicktime; path = video2.MOV; sourceTree = "<group>"; };
		40A1C7D628BE5AD300AAFF2F /* MovieVerticalView.swift */ = {isa = PBXFileReference; lastKnownFileType = sourcecode.swift; path = MovieVerticalView.swift; sourceTree = "<group>"; };
		40A1C7D828BE71D500AAFF2F /* video5.MOV */ = {isa = PBXFileReference; lastKnownFileType = video.quicktime; path = video5.MOV; sourceTree = "<group>"; };
		40A1C7D928BE71D500AAFF2F /* video4.MOV */ = {isa = PBXFileReference; lastKnownFileType = video.quicktime; path = video4.MOV; sourceTree = "<group>"; };
		40A1C7DA28BE71D500AAFF2F /* video6.MOV */ = {isa = PBXFileReference; lastKnownFileType = video.quicktime; path = video6.MOV; sourceTree = "<group>"; };
		40A1C7DF28C24B2200AAFF2F /* ReelsView.swift */ = {isa = PBXFileReference; lastKnownFileType = sourcecode.swift; path = ReelsView.swift; sourceTree = "<group>"; };
		40A1C7E228C24C3200AAFF2F /* MediaFile.swift */ = {isa = PBXFileReference; lastKnownFileType = sourcecode.swift; path = MediaFile.swift; sourceTree = "<group>"; };
		40A1C7E628C24ED700AAFF2F /* ReelsApp.swift */ = {isa = PBXFileReference; lastKnownFileType = sourcecode.swift; path = ReelsApp.swift; sourceTree = "<group>"; };
		40C19C0928C254AD00988606 /* Reel.swift */ = {isa = PBXFileReference; lastKnownFileType = sourcecode.swift; path = Reel.swift; sourceTree = "<group>"; };
		40C19C0C28C2D4DB00988606 /* CustomVideoPlayer.swift */ = {isa = PBXFileReference; lastKnownFileType = sourcecode.swift; path = CustomVideoPlayer.swift; sourceTree = "<group>"; };
		40C19C0E28C3259A00988606 /* ReelsTabBarButton.swift */ = {isa = PBXFileReference; lastKnownFileType = sourcecode.swift; path = ReelsTabBarButton.swift; sourceTree = "<group>"; };
		40C19C1228C3683C00988606 /* ReelsAPIView.swift */ = {isa = PBXFileReference; lastKnownFileType = sourcecode.swift; path = ReelsAPIView.swift; sourceTree = "<group>"; };
		40C19C1428C386A900988606 /* README.md */ = {isa = PBXFileReference; fileEncoding = 4; lastKnownFileType = net.daringfireball.markdown; path = README.md; sourceTree = "<group>"; };
		40C554DD28E32B9000825FBF /* CoreLoactionUI.swift */ = {isa = PBXFileReference; lastKnownFileType = sourcecode.swift; path = CoreLoactionUI.swift; sourceTree = "<group>"; };
		40C554E028E3400700825FBF /* StateBindingTest.swift */ = {isa = PBXFileReference; lastKnownFileType = sourcecode.swift; path = StateBindingTest.swift; sourceTree = "<group>"; };
		40CCA7C728E9C65F00C4A2CB /* LandingScreenView.swift */ = {isa = PBXFileReference; lastKnownFileType = sourcecode.swift; path = LandingScreenView.swift; sourceTree = "<group>"; };
		40CCA7C928E9C68800C4A2CB /* HomeScreen.swift */ = {isa = PBXFileReference; lastKnownFileType = sourcecode.swift; path = HomeScreen.swift; sourceTree = "<group>"; };
		40CCA7CC28E9C6B100C4A2CB /* PromotionsScreen.swift */ = {isa = PBXFileReference; lastKnownFileType = sourcecode.swift; path = PromotionsScreen.swift; sourceTree = "<group>"; };
		40CCA7CE28E9CC1E00C4A2CB /* LoadCounterViewModel.swift */ = {isa = PBXFileReference; lastKnownFileType = sourcecode.swift; path = LoadCounterViewModel.swift; sourceTree = "<group>"; };
		40CDCDD728C64BEF00A35FF4 /* Info.swift */ = {isa = PBXFileReference; lastKnownFileType = sourcecode.swift; path = Info.swift; sourceTree = "<group>"; };
		40CDCDD928C64CF500A35FF4 /* Trending.swift */ = {isa = PBXFileReference; lastKnownFileType = sourcecode.swift; path = Trending.swift; sourceTree = "<group>"; };
		40CDCDDB28C64D0000A35FF4 /* Sale.swift */ = {isa = PBXFileReference; lastKnownFileType = sourcecode.swift; path = Sale.swift; sourceTree = "<group>"; };
		40CDCDDE28C64E0600A35FF4 /* ResponsiveView.swift */ = {isa = PBXFileReference; lastKnownFileType = sourcecode.swift; path = ResponsiveView.swift; sourceTree = "<group>"; };
		40CDCDE028C650A500A35FF4 /* ResponsiveHome.swift */ = {isa = PBXFileReference; lastKnownFileType = sourcecode.swift; path = ResponsiveHome.swift; sourceTree = "<group>"; };
		40CDCDE228C650F200A35FF4 /* ResponsiveContent.swift */ = {isa = PBXFileReference; lastKnownFileType = sourcecode.swift; path = ResponsiveContent.swift; sourceTree = "<group>"; };
		40D2DA7D28D9EF5E0023F733 /* RollingText.swift */ = {isa = PBXFileReference; lastKnownFileType = sourcecode.swift; path = RollingText.swift; sourceTree = "<group>"; };
		40D2DA7F28D9EF730023F733 /* RollingView.swift */ = {isa = PBXFileReference; lastKnownFileType = sourcecode.swift; path = RollingView.swift; sourceTree = "<group>"; };
		40F5770B2883A44800AC1285 /* SwiftUIPractice.app */ = {isa = PBXFileReference; explicitFileType = wrapper.application; includeInIndex = 0; path = SwiftUIPractice.app; sourceTree = BUILT_PRODUCTS_DIR; };
		40F5770E2883A44800AC1285 /* SwiftUIPracticeApp.swift */ = {isa = PBXFileReference; lastKnownFileType = sourcecode.swift; path = SwiftUIPracticeApp.swift; sourceTree = "<group>"; };
		40F577102883A44800AC1285 /* ContentView.swift */ = {isa = PBXFileReference; lastKnownFileType = sourcecode.swift; path = ContentView.swift; sourceTree = "<group>"; };
		40F577122883A44A00AC1285 /* Assets.xcassets */ = {isa = PBXFileReference; lastKnownFileType = folder.assetcatalog; path = Assets.xcassets; sourceTree = "<group>"; };
		40F577152883A44A00AC1285 /* Preview Assets.xcassets */ = {isa = PBXFileReference; lastKnownFileType = folder.assetcatalog; path = "Preview Assets.xcassets"; sourceTree = "<group>"; };
		40F577172883A44A00AC1285 /* Persistence.swift */ = {isa = PBXFileReference; lastKnownFileType = sourcecode.swift; path = Persistence.swift; sourceTree = "<group>"; };
		40F5771A2883A44A00AC1285 /* SwiftUIPractice.xcdatamodel */ = {isa = PBXFileReference; lastKnownFileType = wrapper.xcdatamodel; path = SwiftUIPractice.xcdatamodel; sourceTree = "<group>"; };
		40F577212883A48300AC1285 /* ListColorChange.swift */ = {isa = PBXFileReference; lastKnownFileType = sourcecode.swift; path = ListColorChange.swift; sourceTree = "<group>"; };
		40FDC33D28F0EE0E00FEB6CA /* ReelsPlayer.swift */ = {isa = PBXFileReference; lastKnownFileType = sourcecode.swift; path = ReelsPlayer.swift; sourceTree = "<group>"; };
		40FDC34028F0EE6500FEB6CA /* ActionButton.swift */ = {isa = PBXFileReference; lastKnownFileType = sourcecode.swift; path = ActionButton.swift; sourceTree = "<group>"; };
		40FDC34328F0EF7500FEB6CA /* ReelsViewModel.swift */ = {isa = PBXFileReference; lastKnownFileType = sourcecode.swift; path = ReelsViewModel.swift; sourceTree = "<group>"; };
		40FDC34528F0F38F00FEB6CA /* ReelsModel.swift */ = {isa = PBXFileReference; lastKnownFileType = sourcecode.swift; path = ReelsModel.swift; sourceTree = "<group>"; };
/* End PBXFileReference section */

/* Begin PBXFrameworksBuildPhase section */
		40F577082883A44800AC1285 /* Frameworks */ = {
			isa = PBXFrameworksBuildPhase;
			buildActionMask = 2147483647;
			files = (
				401C77BB2949E7E7000209ED /* SDWebImageSwiftUI in Frameworks */,
			);
			runOnlyForDeploymentPostprocessing = 0;
		};
/* End PBXFrameworksBuildPhase section */

/* Begin PBXGroup section */
		4017CE7828D4F86900048A90 /* FoodDeliveryApp */ = {
			isa = PBXGroup;
			children = (
				4017CE7A28D4F8A500048A90 /* View */,
				4017CE7928D4F89B00048A90 /* Model */,
			);
			path = FoodDeliveryApp;
			sourceTree = "<group>";
		};
		4017CE7928D4F89B00048A90 /* Model */ = {
			isa = PBXGroup;
			children = (
				4017CE7B28D4F8C300048A90 /* MilkShake.swift */,
				4017CE7D28D4FB5E00048A90 /* FoodDeliveryTab.swift */,
			);
			path = Model;
			sourceTree = "<group>";
		};
		4017CE7A28D4F8A500048A90 /* View */ = {
			isa = PBXGroup;
			children = (
				4017CE7F28D5B3BA00048A90 /* FoodDeliveryHome.swift */,
			);
			path = View;
			sourceTree = "<group>";
		};
		401C77B62949E4DB000209ED /* SplashScreen */ = {
			isa = PBXGroup;
			children = (
				401C77BE2949F13F000209ED /* Shared */,
				401C77BC2949F0BA000209ED /* logo.gif */,
				401C77B72949E4F5000209ED /* SplashScreen.swift */,
			);
			path = SplashScreen;
			sourceTree = "<group>";
		};
		401C77BE2949F13F000209ED /* Shared */ = {
			isa = PBXGroup;
			children = (
			);
			path = Shared;
			sourceTree = "<group>";
		};
		4020F3E428EB30C500F36AC7 /* GestureState */ = {
			isa = PBXGroup;
			children = (
				4020F3E528EB30EE00F36AC7 /* GestureTest.swift */,
			);
			path = GestureState;
			sourceTree = "<group>";
		};
		402805C428C4822700FDA092 /* StickyHeader */ = {
			isa = PBXGroup;
			children = (
				402805CD28C48CBD00FDA092 /* View */,
				402805CC28C48BDF00FDA092 /* Model */,
				402805CB28C48BCF00FDA092 /* Modifiers */,
				402805C928C485EA00FDA092 /* CustomCornner.swift */,
			);
			path = StickyHeader;
			sourceTree = "<group>";
		};
		402805CB28C48BCF00FDA092 /* Modifiers */ = {
			isa = PBXGroup;
			children = (
				402805CE28C48D0600FDA092 /* OffsetModifier.swift */,
			);
			path = Modifiers;
			sourceTree = "<group>";
		};
		402805CC28C48BDF00FDA092 /* Model */ = {
			isa = PBXGroup;
			children = (
				402805D328C4977C00FDA092 /* Message.swift */,
			);
			path = Model;
			sourceTree = "<group>";
		};
		402805CD28C48CBD00FDA092 /* View */ = {
			isa = PBXGroup;
			children = (
				402805C728C4839900FDA092 /* StickyContentView.swift */,
				402805C528C4825C00FDA092 /* StickyHeaderView.swift */,
				402805D128C496D100FDA092 /* StickyTopBar.swift */,
				402805D528C4981500FDA092 /* MessageCardView.swift */,
			);
			path = View;
			sourceTree = "<group>";
		};
		402AE06D28E5E2E90050EBC3 /* MultipleDismiss */ = {
			isa = PBXGroup;
			children = (
				402AE06E28E5E31B0050EBC3 /* MultiView.swift */,
			);
			path = MultipleDismiss;
			sourceTree = "<group>";
		};
		403BEE9729067E08008B0CD7 /* SnapCarousel */ = {
			isa = PBXGroup;
			children = (
				403BEE9C29067F3F008B0CD7 /* Model */,
				403BEE9829067E23008B0CD7 /* SnapCarousel.swift */,
				403BEE9A29067E36008B0CD7 /* SnapCarouselView.swift */,
			);
			path = SnapCarousel;
			sourceTree = "<group>";
		};
		403BEE9C29067F3F008B0CD7 /* Model */ = {
			isa = PBXGroup;
			children = (
				403BEE9D29067F4D008B0CD7 /* Post.swift */,
			);
			path = Model;
			sourceTree = "<group>";
		};
		403BEEAA290843A5008B0CD7 /* BottomSheet */ = {
			isa = PBXGroup;
			children = (
				403BEEAB290843A5008B0CD7 /* BottomSheet.swift */,
				403BEEAC290843A5008B0CD7 /* Model */,
				403BEEAD290843A5008B0CD7 /* View */,
			);
			path = BottomSheet;
			sourceTree = "<group>";
		};
		403BEEAC290843A5008B0CD7 /* Model */ = {
			isa = PBXGroup;
			children = (
			);
			path = Model;
			sourceTree = "<group>";
		};
		403BEEAD290843A5008B0CD7 /* View */ = {
			isa = PBXGroup;
			children = (
				403BEEAE290843A5008B0CD7 /* BlurView.swift */,
				403BEEAF290843A5008B0CD7 /* CustomCorner.swift */,
			);
			path = View;
			sourceTree = "<group>";
		};
		4057CCAA28DB37FD00942641 /* VideoPlayerTest */ = {
			isa = PBXGroup;
			children = (
				4057CCAB28DB382A00942641 /* VideoPlayerTest.swift */,
				4057CCAF28DB3C4A00942641 /* VideoNavi.swift */,
			);
			path = VideoPlayerTest;
			sourceTree = "<group>";
		};
		407777C028DCA81E00145D3A /* AutoFocusTextFeild */ = {
			isa = PBXGroup;
			children = (
				407777C128DCA8F800145D3A /* AutoFocusTextFeild.swift */,
			);
			path = AutoFocusTextFeild;
			sourceTree = "<group>";
		};
		4083BD5B28EDD59D00A81220 /* TestProSwiftUI */ = {
			isa = PBXGroup;
			children = (
				4083BD5C28EDD5C300A81220 /* ProSwiftUIView.swift */,
			);
			path = TestProSwiftUI;
			sourceTree = "<group>";
		};
		40A1C78F28BA97C900AAFF2F /* Video */ = {
			isa = PBXGroup;
			children = (
				40A1C7A128BA986200AAFF2F /* videoData.json */,
				40A1C79628BA980F00AAFF2F /* Components */,
				40A1C79A28BA980F00AAFF2F /* VideoManager.swift */,
				40A1C79B28BA980F00AAFF2F /* VideoView.swift */,
				40A1C7A328BA98BA00AAFF2F /* VideoGridView.swift */,
			);
			path = Video;
			sourceTree = "<group>";
		};
		40A1C79628BA980F00AAFF2F /* Components */ = {
			isa = PBXGroup;
			children = (
				40A1C79728BA980F00AAFF2F /* VideoCard.swift */,
				40A1C79828BA980F00AAFF2F /* QureyTag.swift */,
				40A1C79928BA980F00AAFF2F /* ModelData.swift */,
			);
			path = Components;
			sourceTree = "<group>";
		};
		40A1C7A528BA9E7700AAFF2F /* ListColorChange */ = {
			isa = PBXGroup;
			children = (
				40F577212883A48300AC1285 /* ListColorChange.swift */,
			);
			path = ListColorChange;
			sourceTree = "<group>";
		};
		40A1C7A628BA9FE300AAFF2F /* Carousel */ = {
			isa = PBXGroup;
			children = (
				40A1C7A728BA9FF200AAFF2F /* Model */,
				40A1C7B028BAA23A00AAFF2F /* CarouselView.swift */,
				40A1C7AC28BAA19D00AAFF2F /* CustomCarousel.swift */,
			);
			path = Carousel;
			sourceTree = "<group>";
		};
		40A1C7A728BA9FF200AAFF2F /* Model */ = {
			isa = PBXGroup;
			children = (
				40A1C7AA28BAA0EE00AAFF2F /* Movie.swift */,
				40A1C7AE28BAA1D800AAFF2F /* Tab.swift */,
			);
			path = Model;
			sourceTree = "<group>";
		};
		40A1C7B228BAEDD700AAFF2F /* StocksAppSwiftUI */ = {
			isa = PBXGroup;
			children = (
				40A1C7BF28BAFADF00AAFF2F /* Views */,
				40A1C7B828BAF23E00AAFF2F /* ViewModels */,
				40A1C7B328BAEDEF00AAFF2F /* Models */,
				40A1C7B628BAEE5B00AAFF2F /* WebService.swift */,
				40A1C7BB28BAF29A00AAFF2F /* StockView.swift */,
				40A1C7C228BB004300AAFF2F /* StockListView.swift */,
			);
			path = StocksAppSwiftUI;
			sourceTree = "<group>";
		};
		40A1C7B328BAEDEF00AAFF2F /* Models */ = {
			isa = PBXGroup;
			children = (
				40A1C7B428BAEE0200AAFF2F /* Stock.swift */,
			);
			path = Models;
			sourceTree = "<group>";
		};
		40A1C7B828BAF23E00AAFF2F /* ViewModels */ = {
			isa = PBXGroup;
			children = (
				40A1C7B928BAF26500AAFF2F /* StockListViewModel.swift */,
				40A1C7BD28BAF38400AAFF2F /* StockViewModel.swift */,
			);
			path = ViewModels;
			sourceTree = "<group>";
		};
		40A1C7BF28BAFADF00AAFF2F /* Views */ = {
			isa = PBXGroup;
			children = (
				40A1C7C028BAFAF500AAFF2F /* SearchView.swift */,
			);
			path = Views;
			sourceTree = "<group>";
		};
		40A1C7C428BB648200AAFF2F /* TouchAnimation */ = {
			isa = PBXGroup;
			children = (
				40A1C7C528BB64B100AAFF2F /* TouchAnimationView.swift */,
			);
			path = TouchAnimation;
			sourceTree = "<group>";
		};
		40A1C7C728BCF3A300AAFF2F /* TikTokView */ = {
			isa = PBXGroup;
			children = (
				40A1C7CA28BCF7B200AAFF2F /* Model */,
				40A1C7C828BCF3F100AAFF2F /* TikTokView.swift */,
				40A1C7CD28BCF8CF00AAFF2F /* HomeView.swift */,
			);
			path = TikTokView;
			sourceTree = "<group>";
		};
		40A1C7CA28BCF7B200AAFF2F /* Model */ = {
			isa = PBXGroup;
			children = (
				40A1C7CB28BCF7C700AAFF2F /* TikTokVideo.swift */,
			);
			path = Model;
			sourceTree = "<group>";
		};
		40A1C7D528BE5A8D00AAFF2F /* MovieVerticalView */ = {
			isa = PBXGroup;
			children = (
				40A1C7E428C24CC300AAFF2F /* View */,
			);
			path = MovieVerticalView;
			sourceTree = "<group>";
		};
		40A1C7DE28BE71DC00AAFF2F /* Videos */ = {
			isa = PBXGroup;
			children = (
				40A1C7D028BCFC1300AAFF2F /* video1.MOV */,
				40A1C7D128BCFC1400AAFF2F /* video2.MOV */,
				40A1C7CF28BCFC1300AAFF2F /* video3.MOV */,
				40A1C7D928BE71D500AAFF2F /* video4.MOV */,
				40A1C7D828BE71D500AAFF2F /* video5.MOV */,
				40A1C7DA28BE71D500AAFF2F /* video6.MOV */,
			);
			path = Videos;
			sourceTree = "<group>";
		};
		40A1C7E128C24C1600AAFF2F /* Model */ = {
			isa = PBXGroup;
			children = (
				40A1C7E228C24C3200AAFF2F /* MediaFile.swift */,
				40C19C0928C254AD00988606 /* Reel.swift */,
				40FDC34528F0F38F00FEB6CA /* ReelsModel.swift */,
			);
			path = Model;
			sourceTree = "<group>";
		};
		40A1C7E428C24CC300AAFF2F /* View */ = {
			isa = PBXGroup;
			children = (
				40A1C7D628BE5AD300AAFF2F /* MovieVerticalView.swift */,
			);
			path = View;
			sourceTree = "<group>";
		};
		40A1C7E528C24E8E00AAFF2F /* ReelsApp */ = {
			isa = PBXGroup;
			children = (
				40FDC34228F0EF6500FEB6CA /* ViewModel */,
				40C19C0B28C2D4BA00988606 /* View */,
				40A1C7E128C24C1600AAFF2F /* Model */,
			);
			path = ReelsApp;
			sourceTree = "<group>";
		};
		40C19C0B28C2D4BA00988606 /* View */ = {
			isa = PBXGroup;
			children = (
				40A1C7E628C24ED700AAFF2F /* ReelsApp.swift */,
				40A1C7DF28C24B2200AAFF2F /* ReelsView.swift */,
				4005C3F228F2CE290025DAE9 /* ReelsView2.swift */,
				40FDC33D28F0EE0E00FEB6CA /* ReelsPlayer.swift */,
				40FDC34028F0EE6500FEB6CA /* ActionButton.swift */,
				40C19C1228C3683C00988606 /* ReelsAPIView.swift */,
				40C19C0C28C2D4DB00988606 /* CustomVideoPlayer.swift */,
				40C19C0E28C3259A00988606 /* ReelsTabBarButton.swift */,
			);
			path = View;
			sourceTree = "<group>";
		};
		40C554DC28E32B0000825FBF /* CoreLocationUI */ = {
			isa = PBXGroup;
			children = (
				40C554DD28E32B9000825FBF /* CoreLoactionUI.swift */,
			);
			path = CoreLocationUI;
			sourceTree = "<group>";
		};
		40C554DF28E33FDB00825FBF /* Blog */ = {
			isa = PBXGroup;
			children = (
				4020F3E428EB30C500F36AC7 /* GestureState */,
				40C554E028E3400700825FBF /* StateBindingTest.swift */,
				403E1F3828E49C6E003D757B /* EnvironmentTest.swift */,
			);
			path = Blog;
			sourceTree = "<group>";
		};
		40CCA7C628E9C63300C4A2CB /* CloseTest */ = {
			isa = PBXGroup;
			children = (
				40CCA7C728E9C65F00C4A2CB /* LandingScreenView.swift */,
				40CCA7C928E9C68800C4A2CB /* HomeScreen.swift */,
				40CCA7CC28E9C6B100C4A2CB /* PromotionsScreen.swift */,
				40CCA7CE28E9CC1E00C4A2CB /* LoadCounterViewModel.swift */,
			);
			path = CloseTest;
			sourceTree = "<group>";
		};
		40CDCDD528C64BB300A35FF4 /* ResponsiveUI */ = {
			isa = PBXGroup;
			children = (
				40CDCDDD28C64DF300A35FF4 /* View */,
				40CDCDD628C64BDC00A35FF4 /* Model */,
			);
			path = ResponsiveUI;
			sourceTree = "<group>";
		};
		40CDCDD628C64BDC00A35FF4 /* Model */ = {
			isa = PBXGroup;
			children = (
				40CDCDD728C64BEF00A35FF4 /* Info.swift */,
				40CDCDD928C64CF500A35FF4 /* Trending.swift */,
				40CDCDDB28C64D0000A35FF4 /* Sale.swift */,
			);
			path = Model;
			sourceTree = "<group>";
		};
		40CDCDDD28C64DF300A35FF4 /* View */ = {
			isa = PBXGroup;
			children = (
				40CDCDDE28C64E0600A35FF4 /* ResponsiveView.swift */,
				40CDCDE028C650A500A35FF4 /* ResponsiveHome.swift */,
				40CDCDE228C650F200A35FF4 /* ResponsiveContent.swift */,
			);
			path = View;
			sourceTree = "<group>";
		};
		40D2DA7C28D9EF230023F733 /* Rolling */ = {
			isa = PBXGroup;
			children = (
				40D2DA7D28D9EF5E0023F733 /* RollingText.swift */,
				40D2DA7F28D9EF730023F733 /* RollingView.swift */,
			);
			path = Rolling;
			sourceTree = "<group>";
		};
		40F577022883A44800AC1285 = {
			isa = PBXGroup;
			children = (
				40C19C1428C386A900988606 /* README.md */,
				40F5770D2883A44800AC1285 /* SwiftUIPractice */,
				40F5770C2883A44800AC1285 /* Products */,
			);
			sourceTree = "<group>";
		};
		40F5770C2883A44800AC1285 /* Products */ = {
			isa = PBXGroup;
			children = (
				40F5770B2883A44800AC1285 /* SwiftUIPractice.app */,
			);
			name = Products;
			sourceTree = "<group>";
		};
		40F5770D2883A44800AC1285 /* SwiftUIPractice */ = {
			isa = PBXGroup;
			children = (
				401C77BF2949F62F000209ED /* Info.plist */,
				40F5770E2883A44800AC1285 /* SwiftUIPracticeApp.swift */,
				40A1C78528BA290200AAFF2F /* PracticeList.swift */,
				401C77B62949E4DB000209ED /* SplashScreen */,
				403BEEAA290843A5008B0CD7 /* BottomSheet */,
				40A1C7A628BA9FE300AAFF2F /* Carousel */,
				403BEE9729067E08008B0CD7 /* SnapCarousel */,
				40A1C78F28BA97C900AAFF2F /* Video */,
				40A1C7A528BA9E7700AAFF2F /* ListColorChange */,
				40A1C7B228BAEDD700AAFF2F /* StocksAppSwiftUI */,
				40A1C7C428BB648200AAFF2F /* TouchAnimation */,
				40A1C7C728BCF3A300AAFF2F /* TikTokView */,
				40A1C7D528BE5A8D00AAFF2F /* MovieVerticalView */,
				40A1C7E528C24E8E00AAFF2F /* ReelsApp */,
				402805C428C4822700FDA092 /* StickyHeader */,
				40CDCDD528C64BB300A35FF4 /* ResponsiveUI */,
				4017CE7828D4F86900048A90 /* FoodDeliveryApp */,
				40D2DA7C28D9EF230023F733 /* Rolling */,
				4057CCAA28DB37FD00942641 /* VideoPlayerTest */,
				407777C028DCA81E00145D3A /* AutoFocusTextFeild */,
				40C554DC28E32B0000825FBF /* CoreLocationUI */,
				402AE06D28E5E2E90050EBC3 /* MultipleDismiss */,
				40C554DF28E33FDB00825FBF /* Blog */,
				40CCA7C628E9C63300C4A2CB /* CloseTest */,
				4083BD5B28EDD59D00A81220 /* TestProSwiftUI */,
				40F577102883A44800AC1285 /* ContentView.swift */,
				40F577122883A44A00AC1285 /* Assets.xcassets */,
				40A1C7DE28BE71DC00AAFF2F /* Videos */,
				40F577172883A44A00AC1285 /* Persistence.swift */,
				40F577192883A44A00AC1285 /* SwiftUIPractice.xcdatamodeld */,
				40F577142883A44A00AC1285 /* Preview Content */,
				40A1C78A28BA8A8D00AAFF2F /* TestView.swift */,
			);
			path = SwiftUIPractice;
			sourceTree = "<group>";
		};
		40F577142883A44A00AC1285 /* Preview Content */ = {
			isa = PBXGroup;
			children = (
				40F577152883A44A00AC1285 /* Preview Assets.xcassets */,
			);
			path = "Preview Content";
			sourceTree = "<group>";
		};
		40FDC34228F0EF6500FEB6CA /* ViewModel */ = {
			isa = PBXGroup;
			children = (
				40FDC34328F0EF7500FEB6CA /* ReelsViewModel.swift */,
				4005C3F428F2DAAC0025DAE9 /* ServerMode.swift */,
			);
			path = ViewModel;
			sourceTree = "<group>";
		};
/* End PBXGroup section */

/* Begin PBXNativeTarget section */
		40F5770A2883A44800AC1285 /* SwiftUIPractice */ = {
			isa = PBXNativeTarget;
			buildConfigurationList = 40F5771E2883A44A00AC1285 /* Build configuration list for PBXNativeTarget "SwiftUIPractice" */;
			buildPhases = (
				40F577072883A44800AC1285 /* Sources */,
				40F577082883A44800AC1285 /* Frameworks */,
				40F577092883A44800AC1285 /* Resources */,
			);
			buildRules = (
			);
			dependencies = (
			);
			name = SwiftUIPractice;
			packageProductDependencies = (
				401C77BA2949E7E7000209ED /* SDWebImageSwiftUI */,
			);
			productName = SwiftUIPractice;
			productReference = 40F5770B2883A44800AC1285 /* SwiftUIPractice.app */;
			productType = "com.apple.product-type.application";
		};
/* End PBXNativeTarget section */

/* Begin PBXProject section */
		40F577032883A44800AC1285 /* Project object */ = {
			isa = PBXProject;
			attributes = {
				BuildIndependentTargetsInParallel = 1;
				LastSwiftUpdateCheck = 1340;
				LastUpgradeCheck = 1340;
				TargetAttributes = {
					40F5770A2883A44800AC1285 = {
						CreatedOnToolsVersion = 13.4.1;
					};
				};
			};
			buildConfigurationList = 40F577062883A44800AC1285 /* Build configuration list for PBXProject "SwiftUIPractice" */;
			compatibilityVersion = "Xcode 13.0";
			developmentRegion = en;
			hasScannedForEncodings = 0;
			knownRegions = (
				en,
				Base,
			);
			mainGroup = 40F577022883A44800AC1285;
			packageReferences = (
				401C77B92949E7E7000209ED /* XCRemoteSwiftPackageReference "SDWebImageSwiftUI" */,
			);
			productRefGroup = 40F5770C2883A44800AC1285 /* Products */;
			projectDirPath = "";
			projectRoot = "";
			targets = (
				40F5770A2883A44800AC1285 /* SwiftUIPractice */,
			);
		};
/* End PBXProject section */

/* Begin PBXResourcesBuildPhase section */
		40F577092883A44800AC1285 /* Resources */ = {
			isa = PBXResourcesBuildPhase;
			buildActionMask = 2147483647;
			files = (
				40D2DA7B28D76BC60023F733 /* Preview Assets.xcassets in Resources */,
				40D2DA7528D76BC10023F733 /* video1.MOV in Resources */,
				40D2DA7628D76BC10023F733 /* video2.MOV in Resources */,
				40D2DA7728D76BC10023F733 /* video3.MOV in Resources */,
				40D2DA7828D76BC10023F733 /* video4.MOV in Resources */,
				40D2DA7928D76BC10023F733 /* video5.MOV in Resources */,
				40D2DA7A28D76BC10023F733 /* video6.MOV in Resources */,
				401C77BD2949F0BA000209ED /* logo.gif in Resources */,
				40D2DA7428D76B990023F733 /* Assets.xcassets in Resources */,
			);
			runOnlyForDeploymentPostprocessing = 0;
		};
/* End PBXResourcesBuildPhase section */

/* Begin PBXSourcesBuildPhase section */
		40F577072883A44800AC1285 /* Sources */ = {
			isa = PBXSourcesBuildPhase;
			buildActionMask = 2147483647;
			files = (
				40A1C7C928BCF3F100AAFF2F /* TikTokView.swift in Sources */,
				40A1C7CE28BCF8CF00AAFF2F /* HomeView.swift in Sources */,
				403BEEB0290843A5008B0CD7 /* BottomSheet.swift in Sources */,
				40A1C7A028BA980F00AAFF2F /* VideoView.swift in Sources */,
				40A1C7AF28BAA1D800AAFF2F /* Tab.swift in Sources */,
				40C19C0F28C3259A00988606 /* ReelsTabBarButton.swift in Sources */,
				403E1F3928E49C6E003D757B /* EnvironmentTest.swift in Sources */,
				40CCA7C828E9C65F00C4A2CB /* LandingScreenView.swift in Sources */,
				407777C228DCA8F800145D3A /* AutoFocusTextFeild.swift in Sources */,
				40A1C78628BA290200AAFF2F /* PracticeList.swift in Sources */,
				40CDCDE128C650A500A35FF4 /* ResponsiveHome.swift in Sources */,
				40A1C7E728C24ED700AAFF2F /* ReelsApp.swift in Sources */,
				40CCA7CD28E9C6B100C4A2CB /* PromotionsScreen.swift in Sources */,
				40A1C7BE28BAF38400AAFF2F /* StockViewModel.swift in Sources */,
				40C554E128E3400700825FBF /* StateBindingTest.swift in Sources */,
				40A1C7E328C24C3200AAFF2F /* MediaFile.swift in Sources */,
				40F577222883A48300AC1285 /* ListColorChange.swift in Sources */,
				40A1C7B128BAA23A00AAFF2F /* CarouselView.swift in Sources */,
				40F577182883A44A00AC1285 /* Persistence.swift in Sources */,
				40CDCDDA28C64CF500A35FF4 /* Trending.swift in Sources */,
				40CCA7CF28E9CC1E00C4A2CB /* LoadCounterViewModel.swift in Sources */,
				40A1C79C28BA980F00AAFF2F /* VideoCard.swift in Sources */,
				40F577112883A44800AC1285 /* ContentView.swift in Sources */,
				40C19C0A28C254AD00988606 /* Reel.swift in Sources */,
				40A1C7C328BB004300AAFF2F /* StockListView.swift in Sources */,
				403BEE9B29067E36008B0CD7 /* SnapCarouselView.swift in Sources */,
				4017CE7E28D4FB5E00048A90 /* FoodDeliveryTab.swift in Sources */,
				40CCA7CA28E9C68800C4A2CB /* HomeScreen.swift in Sources */,
				40C19C0D28C2D4DB00988606 /* CustomVideoPlayer.swift in Sources */,
				4005C3F328F2CE290025DAE9 /* ReelsView2.swift in Sources */,
				402805D228C496D100FDA092 /* StickyTopBar.swift in Sources */,
				40A1C7B528BAEE0200AAFF2F /* Stock.swift in Sources */,
				40A1C7C628BB64B100AAFF2F /* TouchAnimationView.swift in Sources */,
				4057CCB028DB3C4A00942641 /* VideoNavi.swift in Sources */,
				40A1C7BC28BAF29A00AAFF2F /* StockView.swift in Sources */,
				403BEEB1290843A5008B0CD7 /* BlurView.swift in Sources */,
				40CDCDD828C64BEF00A35FF4 /* Info.swift in Sources */,
				403BEE9E29067F4D008B0CD7 /* Post.swift in Sources */,
				4057CCAC28DB382A00942641 /* VideoPlayerTest.swift in Sources */,
				40A1C78B28BA8A8D00AAFF2F /* TestView.swift in Sources */,
				401C77B82949E4F5000209ED /* SplashScreen.swift in Sources */,
				40C554DE28E32B9000825FBF /* CoreLoactionUI.swift in Sources */,
				40A1C7E028C24B2300AAFF2F /* ReelsView.swift in Sources */,
				40A1C7AD28BAA19D00AAFF2F /* CustomCarousel.swift in Sources */,
				402805C828C4839900FDA092 /* StickyContentView.swift in Sources */,
				402805C628C4825C00FDA092 /* StickyHeaderView.swift in Sources */,
				40FDC34428F0EF7500FEB6CA /* ReelsViewModel.swift in Sources */,
				40A1C7C128BAFAF500AAFF2F /* SearchView.swift in Sources */,
				402805D428C4977C00FDA092 /* Message.swift in Sources */,
				40A1C7BA28BAF26500AAFF2F /* StockListViewModel.swift in Sources */,
				40A1C7D728BE5AD300AAFF2F /* MovieVerticalView.swift in Sources */,
				4005C3F528F2DAAC0025DAE9 /* ServerMode.swift in Sources */,
				40FDC34628F0F38F00FEB6CA /* ReelsModel.swift in Sources */,
				403BEEB2290843A5008B0CD7 /* CustomCorner.swift in Sources */,
				402805CA28C485EA00FDA092 /* CustomCornner.swift in Sources */,
				40A1C7B728BAEE5B00AAFF2F /* WebService.swift in Sources */,
				40F5771B2883A44A00AC1285 /* SwiftUIPractice.xcdatamodeld in Sources */,
				403BEE9929067E23008B0CD7 /* SnapCarousel.swift in Sources */,
				40A1C7A428BA98BA00AAFF2F /* VideoGridView.swift in Sources */,
				40FDC33E28F0EE0E00FEB6CA /* ReelsPlayer.swift in Sources */,
				40C19C1328C3683C00988606 /* ReelsAPIView.swift in Sources */,
				40FDC34128F0EE6500FEB6CA /* ActionButton.swift in Sources */,
				40A1C79F28BA980F00AAFF2F /* VideoManager.swift in Sources */,
				4083BD5D28EDD5C300A81220 /* ProSwiftUIView.swift in Sources */,
				40CDCDDF28C64E0600A35FF4 /* ResponsiveView.swift in Sources */,
				40A1C79E28BA980F00AAFF2F /* ModelData.swift in Sources */,
				402805D628C4981500FDA092 /* MessageCardView.swift in Sources */,
				4020F3E628EB30EE00F36AC7 /* GestureTest.swift in Sources */,
				40CDCDDC28C64D0000A35FF4 /* Sale.swift in Sources */,
				40A1C79D28BA980F00AAFF2F /* QureyTag.swift in Sources */,
				40F5770F2883A44800AC1285 /* SwiftUIPracticeApp.swift in Sources */,
				4017CE7C28D4F8C300048A90 /* MilkShake.swift in Sources */,
				402805CF28C48D0600FDA092 /* OffsetModifier.swift in Sources */,
				402AE06F28E5E31B0050EBC3 /* MultiView.swift in Sources */,
				40D2DA8028D9EF730023F733 /* RollingView.swift in Sources */,
				40D2DA7E28D9EF5E0023F733 /* RollingText.swift in Sources */,
				40A1C7AB28BAA0EE00AAFF2F /* Movie.swift in Sources */,
				40A1C7CC28BCF7C700AAFF2F /* TikTokVideo.swift in Sources */,
				4017CE8028D5B3BA00048A90 /* FoodDeliveryHome.swift in Sources */,
				40CDCDE328C650F200A35FF4 /* ResponsiveContent.swift in Sources */,
			);
			runOnlyForDeploymentPostprocessing = 0;
		};
/* End PBXSourcesBuildPhase section */

/* Begin XCBuildConfiguration section */
		40F5771C2883A44A00AC1285 /* Debug */ = {
			isa = XCBuildConfiguration;
			buildSettings = {
				ALWAYS_SEARCH_USER_PATHS = NO;
				CLANG_ANALYZER_NONNULL = YES;
				CLANG_ANALYZER_NUMBER_OBJECT_CONVERSION = YES_AGGRESSIVE;
				CLANG_CXX_LANGUAGE_STANDARD = "gnu++17";
				CLANG_ENABLE_MODULES = YES;
				CLANG_ENABLE_OBJC_ARC = YES;
				CLANG_ENABLE_OBJC_WEAK = YES;
				CLANG_WARN_BLOCK_CAPTURE_AUTORELEASING = YES;
				CLANG_WARN_BOOL_CONVERSION = YES;
				CLANG_WARN_COMMA = YES;
				CLANG_WARN_CONSTANT_CONVERSION = YES;
				CLANG_WARN_DEPRECATED_OBJC_IMPLEMENTATIONS = YES;
				CLANG_WARN_DIRECT_OBJC_ISA_USAGE = YES_ERROR;
				CLANG_WARN_DOCUMENTATION_COMMENTS = YES;
				CLANG_WARN_EMPTY_BODY = YES;
				CLANG_WARN_ENUM_CONVERSION = YES;
				CLANG_WARN_INFINITE_RECURSION = YES;
				CLANG_WARN_INT_CONVERSION = YES;
				CLANG_WARN_NON_LITERAL_NULL_CONVERSION = YES;
				CLANG_WARN_OBJC_IMPLICIT_RETAIN_SELF = YES;
				CLANG_WARN_OBJC_LITERAL_CONVERSION = YES;
				CLANG_WARN_OBJC_ROOT_CLASS = YES_ERROR;
				CLANG_WARN_QUOTED_INCLUDE_IN_FRAMEWORK_HEADER = YES;
				CLANG_WARN_RANGE_LOOP_ANALYSIS = YES;
				CLANG_WARN_STRICT_PROTOTYPES = YES;
				CLANG_WARN_SUSPICIOUS_MOVE = YES;
				CLANG_WARN_UNGUARDED_AVAILABILITY = YES_AGGRESSIVE;
				CLANG_WARN_UNREACHABLE_CODE = YES;
				CLANG_WARN__DUPLICATE_METHOD_MATCH = YES;
				COPY_PHASE_STRIP = NO;
				DEBUG_INFORMATION_FORMAT = dwarf;
				ENABLE_STRICT_OBJC_MSGSEND = YES;
				ENABLE_TESTABILITY = YES;
				GCC_C_LANGUAGE_STANDARD = gnu11;
				GCC_DYNAMIC_NO_PIC = NO;
				GCC_NO_COMMON_BLOCKS = YES;
				GCC_OPTIMIZATION_LEVEL = 0;
				GCC_PREPROCESSOR_DEFINITIONS = (
					"DEBUG=1",
					"$(inherited)",
				);
				GCC_WARN_64_TO_32_BIT_CONVERSION = YES;
				GCC_WARN_ABOUT_RETURN_TYPE = YES_ERROR;
				GCC_WARN_UNDECLARED_SELECTOR = YES;
				GCC_WARN_UNINITIALIZED_AUTOS = YES_AGGRESSIVE;
				GCC_WARN_UNUSED_FUNCTION = YES;
				GCC_WARN_UNUSED_VARIABLE = YES;
				IPHONEOS_DEPLOYMENT_TARGET = 16.0;
				MTL_ENABLE_DEBUG_INFO = INCLUDE_SOURCE;
				MTL_FAST_MATH = YES;
				ONLY_ACTIVE_ARCH = YES;
				SDKROOT = iphoneos;
				SWIFT_ACTIVE_COMPILATION_CONDITIONS = DEBUG;
				SWIFT_OPTIMIZATION_LEVEL = "-Onone";
			};
			name = Debug;
		};
		40F5771D2883A44A00AC1285 /* Release */ = {
			isa = XCBuildConfiguration;
			buildSettings = {
				ALWAYS_SEARCH_USER_PATHS = NO;
				CLANG_ANALYZER_NONNULL = YES;
				CLANG_ANALYZER_NUMBER_OBJECT_CONVERSION = YES_AGGRESSIVE;
				CLANG_CXX_LANGUAGE_STANDARD = "gnu++17";
				CLANG_ENABLE_MODULES = YES;
				CLANG_ENABLE_OBJC_ARC = YES;
				CLANG_ENABLE_OBJC_WEAK = YES;
				CLANG_WARN_BLOCK_CAPTURE_AUTORELEASING = YES;
				CLANG_WARN_BOOL_CONVERSION = YES;
				CLANG_WARN_COMMA = YES;
				CLANG_WARN_CONSTANT_CONVERSION = YES;
				CLANG_WARN_DEPRECATED_OBJC_IMPLEMENTATIONS = YES;
				CLANG_WARN_DIRECT_OBJC_ISA_USAGE = YES_ERROR;
				CLANG_WARN_DOCUMENTATION_COMMENTS = YES;
				CLANG_WARN_EMPTY_BODY = YES;
				CLANG_WARN_ENUM_CONVERSION = YES;
				CLANG_WARN_INFINITE_RECURSION = YES;
				CLANG_WARN_INT_CONVERSION = YES;
				CLANG_WARN_NON_LITERAL_NULL_CONVERSION = YES;
				CLANG_WARN_OBJC_IMPLICIT_RETAIN_SELF = YES;
				CLANG_WARN_OBJC_LITERAL_CONVERSION = YES;
				CLANG_WARN_OBJC_ROOT_CLASS = YES_ERROR;
				CLANG_WARN_QUOTED_INCLUDE_IN_FRAMEWORK_HEADER = YES;
				CLANG_WARN_RANGE_LOOP_ANALYSIS = YES;
				CLANG_WARN_STRICT_PROTOTYPES = YES;
				CLANG_WARN_SUSPICIOUS_MOVE = YES;
				CLANG_WARN_UNGUARDED_AVAILABILITY = YES_AGGRESSIVE;
				CLANG_WARN_UNREACHABLE_CODE = YES;
				CLANG_WARN__DUPLICATE_METHOD_MATCH = YES;
				COPY_PHASE_STRIP = NO;
				DEBUG_INFORMATION_FORMAT = "dwarf-with-dsym";
				ENABLE_NS_ASSERTIONS = NO;
				ENABLE_STRICT_OBJC_MSGSEND = YES;
				GCC_C_LANGUAGE_STANDARD = gnu11;
				GCC_NO_COMMON_BLOCKS = YES;
				GCC_WARN_64_TO_32_BIT_CONVERSION = YES;
				GCC_WARN_ABOUT_RETURN_TYPE = YES_ERROR;
				GCC_WARN_UNDECLARED_SELECTOR = YES;
				GCC_WARN_UNINITIALIZED_AUTOS = YES_AGGRESSIVE;
				GCC_WARN_UNUSED_FUNCTION = YES;
				GCC_WARN_UNUSED_VARIABLE = YES;
				IPHONEOS_DEPLOYMENT_TARGET = 16.0;
				MTL_ENABLE_DEBUG_INFO = NO;
				MTL_FAST_MATH = YES;
				SDKROOT = iphoneos;
				SWIFT_COMPILATION_MODE = wholemodule;
				SWIFT_OPTIMIZATION_LEVEL = "-O";
				VALIDATE_PRODUCT = YES;
			};
			name = Release;
		};
		40F5771F2883A44A00AC1285 /* Debug */ = {
			isa = XCBuildConfiguration;
			buildSettings = {
				ASSETCATALOG_COMPILER_APPICON_NAME = AppIcon;
				ASSETCATALOG_COMPILER_GLOBAL_ACCENT_COLOR_NAME = AccentColor;
				CODE_SIGN_IDENTITY = "Apple Development";
				CODE_SIGN_STYLE = Automatic;
				CURRENT_PROJECT_VERSION = 1;
				DEVELOPMENT_ASSET_PATHS = "\"SwiftUIPractice/Preview Content\"";
				DEVELOPMENT_TEAM = SJKHCRL68N;
				ENABLE_PREVIEWS = YES;
				GENERATE_INFOPLIST_FILE = YES;
				INFOPLIST_FILE = SwiftUIPractice/Info.plist;
				INFOPLIST_KEY_UIApplicationSceneManifest_Generation = YES;
				INFOPLIST_KEY_UIApplicationSupportsIndirectInputEvents = YES;
				INFOPLIST_KEY_UISupportedInterfaceOrientations_iPad = "UIInterfaceOrientationPortrait UIInterfaceOrientationPortraitUpsideDown UIInterfaceOrientationLandscapeLeft UIInterfaceOrientationLandscapeRight";
				INFOPLIST_KEY_UISupportedInterfaceOrientations_iPhone = "UIInterfaceOrientationPortrait UIInterfaceOrientationLandscapeLeft UIInterfaceOrientationLandscapeRight";
				LD_RUNPATH_SEARCH_PATHS = (
					"$(inherited)",
					"@executable_path/Frameworks",
				);
				MARKETING_VERSION = 1.0;
				PRODUCT_BUNDLE_IDENTIFIER = com.tunko.SwiftUIPractice;
				PRODUCT_NAME = "$(TARGET_NAME)";
				PROVISIONING_PROFILE_SPECIFIER = "";
				SWIFT_EMIT_LOC_STRINGS = YES;
				SWIFT_VERSION = 5.0;
				TARGETED_DEVICE_FAMILY = "1,2";
			};
			name = Debug;
		};
		40F577202883A44A00AC1285 /* Release */ = {
			isa = XCBuildConfiguration;
			buildSettings = {
				ASSETCATALOG_COMPILER_APPICON_NAME = AppIcon;
				ASSETCATALOG_COMPILER_GLOBAL_ACCENT_COLOR_NAME = AccentColor;
				CODE_SIGN_IDENTITY = "Apple Development";
				CODE_SIGN_STYLE = Automatic;
				CURRENT_PROJECT_VERSION = 1;
				DEVELOPMENT_ASSET_PATHS = "\"SwiftUIPractice/Preview Content\"";
				DEVELOPMENT_TEAM = SJKHCRL68N;
				ENABLE_PREVIEWS = YES;
				GENERATE_INFOPLIST_FILE = YES;
				INFOPLIST_FILE = SwiftUIPractice/Info.plist;
				INFOPLIST_KEY_UIApplicationSceneManifest_Generation = YES;
				INFOPLIST_KEY_UIApplicationSupportsIndirectInputEvents = YES;
				INFOPLIST_KEY_UISupportedInterfaceOrientations_iPad = "UIInterfaceOrientationPortrait UIInterfaceOrientationPortraitUpsideDown UIInterfaceOrientationLandscapeLeft UIInterfaceOrientationLandscapeRight";
				INFOPLIST_KEY_UISupportedInterfaceOrientations_iPhone = "UIInterfaceOrientationPortrait UIInterfaceOrientationLandscapeLeft UIInterfaceOrientationLandscapeRight";
				LD_RUNPATH_SEARCH_PATHS = (
					"$(inherited)",
					"@executable_path/Frameworks",
				);
				MARKETING_VERSION = 1.0;
				PRODUCT_BUNDLE_IDENTIFIER = com.tunko.SwiftUIPractice;
				PRODUCT_NAME = "$(TARGET_NAME)";
				PROVISIONING_PROFILE_SPECIFIER = "";
				SWIFT_EMIT_LOC_STRINGS = YES;
				SWIFT_VERSION = 5.0;
				TARGETED_DEVICE_FAMILY = "1,2";
			};
			name = Release;
		};
/* End XCBuildConfiguration section */

/* Begin XCConfigurationList section */
		40F577062883A44800AC1285 /* Build configuration list for PBXProject "SwiftUIPractice" */ = {
			isa = XCConfigurationList;
			buildConfigurations = (
				40F5771C2883A44A00AC1285 /* Debug */,
				40F5771D2883A44A00AC1285 /* Release */,
			);
			defaultConfigurationIsVisible = 0;
			defaultConfigurationName = Release;
		};
		40F5771E2883A44A00AC1285 /* Build configuration list for PBXNativeTarget "SwiftUIPractice" */ = {
			isa = XCConfigurationList;
			buildConfigurations = (
				40F5771F2883A44A00AC1285 /* Debug */,
				40F577202883A44A00AC1285 /* Release */,
			);
			defaultConfigurationIsVisible = 0;
			defaultConfigurationName = Release;
		};
/* End XCConfigurationList section */

/* Begin XCRemoteSwiftPackageReference section */
		401C77B92949E7E7000209ED /* XCRemoteSwiftPackageReference "SDWebImageSwiftUI" */ = {
			isa = XCRemoteSwiftPackageReference;
			repositoryURL = "https://github.com/SDWebImage/SDWebImageSwiftUI";
			requirement = {
				kind = upToNextMajorVersion;
				minimumVersion = 2.0.0;
			};
		};
/* End XCRemoteSwiftPackageReference section */

/* Begin XCSwiftPackageProductDependency section */
		401C77BA2949E7E7000209ED /* SDWebImageSwiftUI */ = {
			isa = XCSwiftPackageProductDependency;
			package = 401C77B92949E7E7000209ED /* XCRemoteSwiftPackageReference "SDWebImageSwiftUI" */;
			productName = SDWebImageSwiftUI;
		};
/* End XCSwiftPackageProductDependency section */

/* Begin XCVersionGroup section */
		40F577192883A44A00AC1285 /* SwiftUIPractice.xcdatamodeld */ = {
			isa = XCVersionGroup;
			children = (
				40F5771A2883A44A00AC1285 /* SwiftUIPractice.xcdatamodel */,
			);
			currentVersion = 40F5771A2883A44A00AC1285 /* SwiftUIPractice.xcdatamodel */;
			path = SwiftUIPractice.xcdatamodeld;
			sourceTree = "<group>";
			versionGroupType = wrapper.xcdatamodel;
		};
/* End XCVersionGroup section */
	};
	rootObject = 40F577032883A44800AC1285 /* Project object */;
}
